
Microsoft Visual Studio Solution File, Format Version 12.00
# Visual Studio Version 17
VisualStudioVersion = 17.9.34607.119
MinimumVisualStudioVersion = 10.0.40219.1
Project("{2150E333-8FDC-42A3-9474-1A3956D46DE8}") = "common", "common", "{9E3B938C-E7BD-428D-94ED-9181D3780D86}"
	ProjectSection(SolutionItems) = preProject
		readme.md = readme.md
	EndProjectSection
EndProject
Project("{2150E333-8FDC-42A3-9474-1A3956D46DE8}") = "src", "src", "{7A5EFC21-C13F-42C8-8232-50A7361B271D}"
EndProject
Project("{2150E333-8FDC-42A3-9474-1A3956D46DE8}") = "api", "api", "{B970281C-F9F9-4391-AE83-51D2DD87C9D3}"
EndProject
Project("{2150E333-8FDC-42A3-9474-1A3956D46DE8}") = "core", "core", "{15E8CF2D-EA7A-474A-9F37-DAB36E4B1FA8}"
EndProject
Project("{2150E333-8FDC-42A3-9474-1A3956D46DE8}") = "infrastructure", "infrastructure", "{A7CBDA4A-F1F7-47FF-8C52-BEBE0655856B}"
EndProject
Project("{9A19103F-16F7-4668-BE54-9A1E7A4F7556}") = "NotifierApi.Domain", "src\NotifierApi.Domain\NotifierApi.Domain.csproj", "{0497837C-6280-4831-898F-3ED86880033D}"
EndProject
Project("{9A19103F-16F7-4668-BE54-9A1E7A4F7556}") = "NotifierApi.UseCase", "src\NotifierApi.UseCase\NotifierApi.UseCase.csproj", "{DC3AB8C5-3C02-4FE4-843A-192E5910C679}"
EndProject
Project("{9A19103F-16F7-4668-BE54-9A1E7A4F7556}") = "NotifierApi.Controllers", "src\NotifierApi.Controllers\NotifierApi.Controllers.csproj", "{E89C97ED-25EC-4160-AB69-29BA57B9A4F5}"
EndProject
Project("{9A19103F-16F7-4668-BE54-9A1E7A4F7556}") = "NotifierApi.DataProvider", "src\NotifierApi.DataProvider\NotifierApi.DataProvider.csproj", "{1B5DD1EA-662E-4B64-A76B-74BBE961ACAC}"
EndProject
Project("{9A19103F-16F7-4668-BE54-9A1E7A4F7556}") = "NotifierApi.RabbitMq", "src\NotifierApi.RabbitMq\NotifierApi.RabbitMq.csproj", "{56588E2A-8E3A-4D69-82C6-FF1D48721867}"
EndProject
Project("{9A19103F-16F7-4668-BE54-9A1E7A4F7556}") = "NotifierApi.Telegram", "src\NotifierApi.Telegram\NotifierApi.Telegram.csproj", "{0406AC90-EA19-488E-9F24-587DDBE92C66}"
EndProject
Project("{9A19103F-16F7-4668-BE54-9A1E7A4F7556}") = "NotifierApi.Email", "src\NotifierApi.Email\NotifierApi.Email.csproj", "{BD72772E-12B9-4CB5-8551-E9299223BE57}"
EndProject
Project("{2150E333-8FDC-42A3-9474-1A3956D46DE8}") = "tests", "tests", "{C241D362-A922-43EA-958F-9BC38A30B601}"
EndProject
Project("{9A19103F-16F7-4668-BE54-9A1E7A4F7556}") = "NotifierApi.Domain.Tests", "tests\NotifierApi.Domain.Tests\NotifierApi.Domain.Tests.csproj", "{2BB73777-9AD7-47E2-8864-14E201F9C898}"
EndProject
Project("{9A19103F-16F7-4668-BE54-9A1E7A4F7556}") = "NotifierApi.Jobs", "src\NotifierApi.Jobs\NotifierApi.Jobs.csproj", "{B18CEC47-14C2-486A-BD8A-19CD85B69625}"
EndProject
Project("{9A19103F-16F7-4668-BE54-9A1E7A4F7556}") = "NotifierApi.Bitrix24", "src\NotifierApi.Bitrix24\NotifierApi.Bitrix24.csproj", "{26483854-9D69-4B5F-B024-362745526CD1}"
EndProject
Project("{9A19103F-16F7-4668-BE54-9A1E7A4F7556}") = "NotifierApi", "src\NotifierApi\NotifierApi.csproj", "{9B88965F-65D3-460F-A3C4-2E3A007D1075}"
EndProject
Project("{9A19103F-16F7-4668-BE54-9A1E7A4F7556}") = "NotifierApi.Amqp", "src\NotifierApi.Amqp\NotifierApi.Amqp.csproj", "{06731FC1-F756-453F-8FC0-DF3426E1172E}"
EndProject
Project("{9A19103F-16F7-4668-BE54-9A1E7A4F7556}") = "NotifierApi.Rest", "src\NotifierApi.Rest\NotifierApi.Rest.csproj", "{41325C35-2C6A-4BF1-BFD2-521C945808C0}"
EndProject
Project("{9A19103F-16F7-4668-BE54-9A1E7A4F7556}") = "NotifierApi.UseCase.Tests", "tests\NotifierApi.UseCase.Tests\NotifierApi.UseCase.Tests.csproj", "{6F077BC9-9AFE-417E-8260-3AF139CD338F}"
EndProject
Project("{2150E333-8FDC-42A3-9474-1A3956D46DE8}") = "sql", "sql", "{AD0FB47D-5132-4E63-85C1-D94B5305A10F}"
EndProject
Project("{9A19103F-16F7-4668-BE54-9A1E7A4F7556}") = "NotifierApi.Grpc", "src\NotifierApi.Grpc\NotifierApi.Grpc.csproj", "{4CB5D60A-C99A-4ADC-8C44-C2F9EA74F01C}"
EndProject
Project("{9A19103F-16F7-4668-BE54-9A1E7A4F7556}") = "NotifierApi.Grpc.Server", "src\NotifierApi.Grpc.Server\NotifierApi.Grpc.Server.csproj", "{326B2402-6F5E-42A2-991F-3171C444D8F6}"
EndProject
Project("{9A19103F-16F7-4668-BE54-9A1E7A4F7556}") = "TextToText.Interpreter", "src\TextToText.Interpreter\TextToText.Interpreter.csproj", "{0F10FF55-3442-4106-8E01-D9A6F62F52BF}"
EndProject
Global
	GlobalSection(SolutionConfigurationPlatforms) = preSolution
		Debug|Any CPU = Debug|Any CPU
		Release|Any CPU = Release|Any CPU
	EndGlobalSection
	GlobalSection(ProjectConfigurationPlatforms) = postSolution
		{0497837C-6280-4831-898F-3ED86880033D}.Debug|Any CPU.ActiveCfg = Debug|Any CPU
		{0497837C-6280-4831-898F-3ED86880033D}.Debug|Any CPU.Build.0 = Debug|Any CPU
		{0497837C-6280-4831-898F-3ED86880033D}.Release|Any CPU.ActiveCfg = Release|Any CPU
		{0497837C-6280-4831-898F-3ED86880033D}.Release|Any CPU.Build.0 = Release|Any CPU
		{DC3AB8C5-3C02-4FE4-843A-192E5910C679}.Debug|Any CPU.ActiveCfg = Debug|Any CPU
		{DC3AB8C5-3C02-4FE4-843A-192E5910C679}.Debug|Any CPU.Build.0 = Debug|Any CPU
		{DC3AB8C5-3C02-4FE4-843A-192E5910C679}.Release|Any CPU.ActiveCfg = Release|Any CPU
		{DC3AB8C5-3C02-4FE4-843A-192E5910C679}.Release|Any CPU.Build.0 = Release|Any CPU
		{E89C97ED-25EC-4160-AB69-29BA57B9A4F5}.Debug|Any CPU.ActiveCfg = Debug|Any CPU
		{E89C97ED-25EC-4160-AB69-29BA57B9A4F5}.Debug|Any CPU.Build.0 = Debug|Any CPU
		{E89C97ED-25EC-4160-AB69-29BA57B9A4F5}.Release|Any CPU.ActiveCfg = Release|Any CPU
		{E89C97ED-25EC-4160-AB69-29BA57B9A4F5}.Release|Any CPU.Build.0 = Release|Any CPU
		{1B5DD1EA-662E-4B64-A76B-74BBE961ACAC}.Debug|Any CPU.ActiveCfg = Debug|Any CPU
		{1B5DD1EA-662E-4B64-A76B-74BBE961ACAC}.Debug|Any CPU.Build.0 = Debug|Any CPU
		{1B5DD1EA-662E-4B64-A76B-74BBE961ACAC}.Release|Any CPU.ActiveCfg = Release|Any CPU
		{1B5DD1EA-662E-4B64-A76B-74BBE961ACAC}.Release|Any CPU.Build.0 = Release|Any CPU
		{56588E2A-8E3A-4D69-82C6-FF1D48721867}.Debug|Any CPU.ActiveCfg = Debug|Any CPU
		{56588E2A-8E3A-4D69-82C6-FF1D48721867}.Debug|Any CPU.Build.0 = Debug|Any CPU
		{56588E2A-8E3A-4D69-82C6-FF1D48721867}.Release|Any CPU.ActiveCfg = Release|Any CPU
		{56588E2A-8E3A-4D69-82C6-FF1D48721867}.Release|Any CPU.Build.0 = Release|Any CPU
		{0406AC90-EA19-488E-9F24-587DDBE92C66}.Debug|Any CPU.ActiveCfg = Debug|Any CPU
		{0406AC90-EA19-488E-9F24-587DDBE92C66}.Debug|Any CPU.Build.0 = Debug|Any CPU
		{0406AC90-EA19-488E-9F24-587DDBE92C66}.Release|Any CPU.ActiveCfg = Release|Any CPU
		{0406AC90-EA19-488E-9F24-587DDBE92C66}.Release|Any CPU.Build.0 = Release|Any CPU
		{BD72772E-12B9-4CB5-8551-E9299223BE57}.Debug|Any CPU.ActiveCfg = Debug|Any CPU
		{BD72772E-12B9-4CB5-8551-E9299223BE57}.Debug|Any CPU.Build.0 = Debug|Any CPU
		{BD72772E-12B9-4CB5-8551-E9299223BE57}.Release|Any CPU.ActiveCfg = Release|Any CPU
		{BD72772E-12B9-4CB5-8551-E9299223BE57}.Release|Any CPU.Build.0 = Release|Any CPU
		{2BB73777-9AD7-47E2-8864-14E201F9C898}.Debug|Any CPU.ActiveCfg = Debug|Any CPU
		{2BB73777-9AD7-47E2-8864-14E201F9C898}.Debug|Any CPU.Build.0 = Debug|Any CPU
		{2BB73777-9AD7-47E2-8864-14E201F9C898}.Release|Any CPU.ActiveCfg = Release|Any CPU
		{2BB73777-9AD7-47E2-8864-14E201F9C898}.Release|Any CPU.Build.0 = Release|Any CPU
		{B18CEC47-14C2-486A-BD8A-19CD85B69625}.Debug|Any CPU.ActiveCfg = Debug|Any CPU
		{B18CEC47-14C2-486A-BD8A-19CD85B69625}.Debug|Any CPU.Build.0 = Debug|Any CPU
		{B18CEC47-14C2-486A-BD8A-19CD85B69625}.Release|Any CPU.ActiveCfg = Release|Any CPU
		{B18CEC47-14C2-486A-BD8A-19CD85B69625}.Release|Any CPU.Build.0 = Release|Any CPU
		{26483854-9D69-4B5F-B024-362745526CD1}.Debug|Any CPU.ActiveCfg = Debug|Any CPU
		{26483854-9D69-4B5F-B024-362745526CD1}.Debug|Any CPU.Build.0 = Debug|Any CPU
		{26483854-9D69-4B5F-B024-362745526CD1}.Release|Any CPU.ActiveCfg = Release|Any CPU
		{26483854-9D69-4B5F-B024-362745526CD1}.Release|Any CPU.Build.0 = Release|Any CPU
		{9B88965F-65D3-460F-A3C4-2E3A007D1075}.Debug|Any CPU.ActiveCfg = Debug|Any CPU
		{9B88965F-65D3-460F-A3C4-2E3A007D1075}.Debug|Any CPU.Build.0 = Debug|Any CPU
		{9B88965F-65D3-460F-A3C4-2E3A007D1075}.Release|Any CPU.ActiveCfg = Release|Any CPU
		{9B88965F-65D3-460F-A3C4-2E3A007D1075}.Release|Any CPU.Build.0 = Release|Any CPU
		{06731FC1-F756-453F-8FC0-DF3426E1172E}.Debug|Any CPU.ActiveCfg = Debug|Any CPU
		{06731FC1-F756-453F-8FC0-DF3426E1172E}.Debug|Any CPU.Build.0 = Debug|Any CPU
		{06731FC1-F756-453F-8FC0-DF3426E1172E}.Release|Any CPU.ActiveCfg = Release|Any CPU
		{06731FC1-F756-453F-8FC0-DF3426E1172E}.Release|Any CPU.Build.0 = Release|Any CPU
		{41325C35-2C6A-4BF1-BFD2-521C945808C0}.Debug|Any CPU.ActiveCfg = Debug|Any CPU
		{41325C35-2C6A-4BF1-BFD2-521C945808C0}.Debug|Any CPU.Build.0 = Debug|Any CPU
		{41325C35-2C6A-4BF1-BFD2-521C945808C0}.Release|Any CPU.ActiveCfg = Release|Any CPU
		{41325C35-2C6A-4BF1-BFD2-521C945808C0}.Release|Any CPU.Build.0 = Release|Any CPU
		{6F077BC9-9AFE-417E-8260-3AF139CD338F}.Debug|Any CPU.ActiveCfg = Debug|Any CPU
		{6F077BC9-9AFE-417E-8260-3AF139CD338F}.Debug|Any CPU.Build.0 = Debug|Any CPU
		{6F077BC9-9AFE-417E-8260-3AF139CD338F}.Release|Any CPU.ActiveCfg = Release|Any CPU
		{6F077BC9-9AFE-417E-8260-3AF139CD338F}.Release|Any CPU.Build.0 = Release|Any CPU
		{4CB5D60A-C99A-4ADC-8C44-C2F9EA74F01C}.Debug|Any CPU.ActiveCfg = Debug|Any CPU
		{4CB5D60A-C99A-4ADC-8C44-C2F9EA74F01C}.Debug|Any CPU.Build.0 = Debug|Any CPU
		{4CB5D60A-C99A-4ADC-8C44-C2F9EA74F01C}.Release|Any CPU.ActiveCfg = Release|Any CPU
		{4CB5D60A-C99A-4ADC-8C44-C2F9EA74F01C}.Release|Any CPU.Build.0 = Release|Any CPU
		{326B2402-6F5E-42A2-991F-3171C444D8F6}.Debug|Any CPU.ActiveCfg = Debug|Any CPU
		{326B2402-6F5E-42A2-991F-3171C444D8F6}.Debug|Any CPU.Build.0 = Debug|Any CPU
		{326B2402-6F5E-42A2-991F-3171C444D8F6}.Release|Any CPU.ActiveCfg = Release|Any CPU
		{326B2402-6F5E-42A2-991F-3171C444D8F6}.Release|Any CPU.Build.0 = Release|Any CPU
		{0F10FF55-3442-4106-8E01-D9A6F62F52BF}.Debug|Any CPU.ActiveCfg = Debug|Any CPU
		{0F10FF55-3442-4106-8E01-D9A6F62F52BF}.Debug|Any CPU.Build.0 = Debug|Any CPU
		{0F10FF55-3442-4106-8E01-D9A6F62F52BF}.Release|Any CPU.ActiveCfg = Release|Any CPU
		{0F10FF55-3442-4106-8E01-D9A6F62F52BF}.Release|Any CPU.Build.0 = Release|Any CPU
	EndGlobalSection
	GlobalSection(SolutionProperties) = preSolution
		HideSolutionNode = FALSE
	EndGlobalSection
	GlobalSection(NestedProjects) = preSolution
		{B970281C-F9F9-4391-AE83-51D2DD87C9D3} = {7A5EFC21-C13F-42C8-8232-50A7361B271D}
		{15E8CF2D-EA7A-474A-9F37-DAB36E4B1FA8} = {7A5EFC21-C13F-42C8-8232-50A7361B271D}
		{A7CBDA4A-F1F7-47FF-8C52-BEBE0655856B} = {7A5EFC21-C13F-42C8-8232-50A7361B271D}
		{0497837C-6280-4831-898F-3ED86880033D} = {15E8CF2D-EA7A-474A-9F37-DAB36E4B1FA8}
		{DC3AB8C5-3C02-4FE4-843A-192E5910C679} = {15E8CF2D-EA7A-474A-9F37-DAB36E4B1FA8}
		{E89C97ED-25EC-4160-AB69-29BA57B9A4F5} = {A7CBDA4A-F1F7-47FF-8C52-BEBE0655856B}
		{1B5DD1EA-662E-4B64-A76B-74BBE961ACAC} = {A7CBDA4A-F1F7-47FF-8C52-BEBE0655856B}
		{56588E2A-8E3A-4D69-82C6-FF1D48721867} = {A7CBDA4A-F1F7-47FF-8C52-BEBE0655856B}
		{0406AC90-EA19-488E-9F24-587DDBE92C66} = {A7CBDA4A-F1F7-47FF-8C52-BEBE0655856B}
		{BD72772E-12B9-4CB5-8551-E9299223BE57} = {A7CBDA4A-F1F7-47FF-8C52-BEBE0655856B}
		{2BB73777-9AD7-47E2-8864-14E201F9C898} = {C241D362-A922-43EA-958F-9BC38A30B601}
		{B18CEC47-14C2-486A-BD8A-19CD85B69625} = {A7CBDA4A-F1F7-47FF-8C52-BEBE0655856B}
		{26483854-9D69-4B5F-B024-362745526CD1} = {A7CBDA4A-F1F7-47FF-8C52-BEBE0655856B}
		{9B88965F-65D3-460F-A3C4-2E3A007D1075} = {B970281C-F9F9-4391-AE83-51D2DD87C9D3}
		{06731FC1-F756-453F-8FC0-DF3426E1172E} = {B970281C-F9F9-4391-AE83-51D2DD87C9D3}
		{41325C35-2C6A-4BF1-BFD2-521C945808C0} = {B970281C-F9F9-4391-AE83-51D2DD87C9D3}
		{6F077BC9-9AFE-417E-8260-3AF139CD338F} = {C241D362-A922-43EA-958F-9BC38A30B601}
		{AD0FB47D-5132-4E63-85C1-D94B5305A10F} = {7A5EFC21-C13F-42C8-8232-50A7361B271D}
		{4CB5D60A-C99A-4ADC-8C44-C2F9EA74F01C} = {B970281C-F9F9-4391-AE83-51D2DD87C9D3}
		{326B2402-6F5E-42A2-991F-3171C444D8F6} = {A7CBDA4A-F1F7-47FF-8C52-BEBE0655856B}
		{0F10FF55-3442-4106-8E01-D9A6F62F52BF} = {15E8CF2D-EA7A-474A-9F37-DAB36E4B1FA8}
	EndGlobalSection
	GlobalSection(ExtensibilityGlobals) = postSolution
		SolutionGuid = {26997561-7302-42F4-BAA7-B99B0A98992A}
	EndGlobalSection
EndGlobal
